
Microsoft Visual Studio Solution File, Format Version 12.00
# Visual Studio Version 17
VisualStudioVersion = 17.8.34525.116
MinimumVisualStudioVersion = 10.0.40219.1
Project("{2150E333-8FDC-42A3-9474-1A3956D46DE8}") = "Services", "Services", "{8349C496-64E3-41B5-AEA3-11DEA14C444A}"
EndProject
Project("{2150E333-8FDC-42A3-9474-1A3956D46DE8}") = "Catalog", "Catalog", "{92998DF0-6EEA-4A88-88E5-B27C907459E8}"
EndProject
Project("{9A19103F-16F7-4668-BE54-9A1E7A4F7556}") = "MultiShop.Catalog", "Services\Catalog\MultiShop.Catalog\MultiShop.Catalog.csproj", "{DB10DAF1-996A-45AC-B4CD-EBC19E270E1F}"
EndProject
Project("{2150E333-8FDC-42A3-9474-1A3956D46DE8}") = "Discount", "Discount", "{30181749-54F4-46D5-80DD-0E20B2BD97C2}"
EndProject
Project("{9A19103F-16F7-4668-BE54-9A1E7A4F7556}") = "MultiShop.Discount", "Services\Discount\MultiShop.Discount\MultiShop.Discount.csproj", "{8963EC89-CA1B-4E9E-A934-12B76D838D19}"
EndProject
Project("{2150E333-8FDC-42A3-9474-1A3956D46DE8}") = "Order", "Order", "{895BEBF4-8309-4A82-9F5E-143BF8712FC0}"
EndProject
Project("{2150E333-8FDC-42A3-9474-1A3956D46DE8}") = "Core", "Core", "{B89B3069-271E-42E1-91B1-EFFEE7FD30EB}"
EndProject
Project("{2150E333-8FDC-42A3-9474-1A3956D46DE8}") = "Infrastructure", "Infrastructure", "{C3B29071-E45C-4BE8-8B55-DF613870D6C6}"
EndProject
Project("{2150E333-8FDC-42A3-9474-1A3956D46DE8}") = "Presentation", "Presentation", "{BF7769C2-74B0-4DFE-8374-B977AAD420CC}"
EndProject
Project("{9A19103F-16F7-4668-BE54-9A1E7A4F7556}") = "MultiShop.Order.Domain", "Services\Order\Core\MultiShop.Order.Domain\MultiShop.Order.Domain.csproj", "{AE8614C7-4659-4CF8-9798-0FF235E47778}"
EndProject
Project("{9A19103F-16F7-4668-BE54-9A1E7A4F7556}") = "MultiShop.Order.Application", "Services\Order\Core\MultiShop.Order.Application\MultiShop.Order.Application.csproj", "{079A6DC9-F513-4FCA-A98D-307CC24A577B}"
EndProject
Project("{9A19103F-16F7-4668-BE54-9A1E7A4F7556}") = "MultiShop.Order.Persistence", "Services\Order\Infrastructure\MultiShop.Order.Persistence\MultiShop.Order.Persistence.csproj", "{F176A155-4034-426A-AA8A-D4CB2386D204}"
EndProject
Project("{9A19103F-16F7-4668-BE54-9A1E7A4F7556}") = "MultiShop.Order.WebApi", "Services\Order\Presentation\MultiShop.Order.WebApi\MultiShop.Order.WebApi.csproj", "{B576F275-3B5A-469E-AE21-23C48001970B}"
EndProject
Project("{2150E333-8FDC-42A3-9474-1A3956D46DE8}") = "IdentityServer", "IdentityServer", "{DE578FDF-B1B6-49AB-BF36-723463DA6F6E}"
EndProject
Project("{9A19103F-16F7-4668-BE54-9A1E7A4F7556}") = "MultiShop.IdentityServer", "IdentityServer\MultiShop.IdentityServer\MultiShop.IdentityServer.csproj", "{6C944F88-EF38-48A8-93E2-83F914556AAE}"
EndProject
Project("{2150E333-8FDC-42A3-9474-1A3956D46DE8}") = "Notes", "Notes", "{3C9B953F-0117-4A43-8ABA-F7D0D93E5CAB}"
	ProjectSection(SolutionItems) = preProject
		PortNumbers.txt = PortNumbers.txt
		TokenUIShowing.txt = TokenUIShowing.txt
	EndProjectSection
EndProject
Project("{2150E333-8FDC-42A3-9474-1A3956D46DE8}") = "Cargo", "Cargo", "{A716DEF5-4155-4FC2-AF50-F8D4EA1E86C4}"
EndProject
Project("{9A19103F-16F7-4668-BE54-9A1E7A4F7556}") = "MultiShop.Cargo.BusinessLayer", "Services\Cargo\MultiShop.Cargo.BusinessLayer\MultiShop.Cargo.BusinessLayer.csproj", "{4EA52CC5-DA86-45B1-A612-7D06BD9D93CB}"
EndProject
Project("{9A19103F-16F7-4668-BE54-9A1E7A4F7556}") = "MultiShop.Cargo.EntityLayer", "Services\Cargo\MultiShop.Cargo.EntityLayer\MultiShop.Cargo.EntityLayer.csproj", "{3265E2AD-6252-41A5-9F3B-C7BBC5514B1D}"
EndProject
Project("{9A19103F-16F7-4668-BE54-9A1E7A4F7556}") = "MultiShop.Cargo.DataAccessLayer", "Services\Cargo\MultiShop.Cargo.DataAccessLayer\MultiShop.Cargo.DataAccessLayer.csproj", "{D2E295AF-7715-410A-9502-FF45617C2378}"
EndProject
Project("{9A19103F-16F7-4668-BE54-9A1E7A4F7556}") = "MultiShop.Cargo.DtoLayer", "Services\Cargo\MultiShop.Cargo.DtoLayer\MultiShop.Cargo.DtoLayer.csproj", "{D312024C-3B32-4469-8CB0-CCD5B1D87570}"
EndProject
Project("{9A19103F-16F7-4668-BE54-9A1E7A4F7556}") = "MultiShop.Cargo.WebApi", "Services\Cargo\MultiShop.Cargo.WebApi\MultiShop.Cargo.WebApi.csproj", "{A5AE9FCE-1522-4D21-B33E-5CB01E41869C}"
EndProject
Project("{2150E333-8FDC-42A3-9474-1A3956D46DE8}") = "Basket", "Basket", "{08CC6192-63EF-4830-B66D-6CEDAB1478EB}"
EndProject
Project("{9A19103F-16F7-4668-BE54-9A1E7A4F7556}") = "MultiShop.Basket", "Services\Basket\MultiShop.Basket\MultiShop.Basket.csproj", "{A870327B-2913-45E6-BADA-A93DAC6CEEBA}"
EndProject
Project("{2150E333-8FDC-42A3-9474-1A3956D46DE8}") = "Frontends", "Frontends", "{3F4CB4AC-256F-42C2-AD9E-2A275842513B}"
EndProject
Project("{9A19103F-16F7-4668-BE54-9A1E7A4F7556}") = "MultiShop.WebUI", "Frontends\MultiShop.WebUI\MultiShop.WebUI.csproj", "{246D5950-7B6B-4542-BF9D-01A37DE27D68}"
EndProject
Project("{9A19103F-16F7-4668-BE54-9A1E7A4F7556}") = "MultiShop.DtoLayer", "Frontends\MultiShop.DtoLayer\MultiShop.DtoLayer.csproj", "{C07C0208-6CCF-4592-97D2-8E222AD99B71}"
EndProject
Project("{2150E333-8FDC-42A3-9474-1A3956D46DE8}") = "Comment", "Comment", "{91C8D22E-4063-48FC-BDC9-88B9C49F0848}"
EndProject
Project("{9A19103F-16F7-4668-BE54-9A1E7A4F7556}") = "MultiShop.Comment", "Services\Comment\MultiShop.Comment\MultiShop.Comment.csproj", "{FBA53B8D-6593-4D48-AF6D-81E00B0DD972}"
EndProject
Global
	GlobalSection(SolutionConfigurationPlatforms) = preSolution
		Debug|Any CPU = Debug|Any CPU
		Release|Any CPU = Release|Any CPU
	EndGlobalSection
	GlobalSection(ProjectConfigurationPlatforms) = postSolution
		{DB10DAF1-996A-45AC-B4CD-EBC19E270E1F}.Debug|Any CPU.ActiveCfg = Debug|Any CPU
		{DB10DAF1-996A-45AC-B4CD-EBC19E270E1F}.Debug|Any CPU.Build.0 = Debug|Any CPU
		{DB10DAF1-996A-45AC-B4CD-EBC19E270E1F}.Release|Any CPU.ActiveCfg = Release|Any CPU
		{DB10DAF1-996A-45AC-B4CD-EBC19E270E1F}.Release|Any CPU.Build.0 = Release|Any CPU
		{8963EC89-CA1B-4E9E-A934-12B76D838D19}.Debug|Any CPU.ActiveCfg = Debug|Any CPU
		{8963EC89-CA1B-4E9E-A934-12B76D838D19}.Debug|Any CPU.Build.0 = Debug|Any CPU
		{8963EC89-CA1B-4E9E-A934-12B76D838D19}.Release|Any CPU.ActiveCfg = Release|Any CPU
		{8963EC89-CA1B-4E9E-A934-12B76D838D19}.Release|Any CPU.Build.0 = Release|Any CPU
		{AE8614C7-4659-4CF8-9798-0FF235E47778}.Debug|Any CPU.ActiveCfg = Debug|Any CPU
		{AE8614C7-4659-4CF8-9798-0FF235E47778}.Debug|Any CPU.Build.0 = Debug|Any CPU
		{AE8614C7-4659-4CF8-9798-0FF235E47778}.Release|Any CPU.ActiveCfg = Release|Any CPU
		{AE8614C7-4659-4CF8-9798-0FF235E47778}.Release|Any CPU.Build.0 = Release|Any CPU
		{079A6DC9-F513-4FCA-A98D-307CC24A577B}.Debug|Any CPU.ActiveCfg = Debug|Any CPU
		{079A6DC9-F513-4FCA-A98D-307CC24A577B}.Debug|Any CPU.Build.0 = Debug|Any CPU
		{079A6DC9-F513-4FCA-A98D-307CC24A577B}.Release|Any CPU.ActiveCfg = Release|Any CPU
		{079A6DC9-F513-4FCA-A98D-307CC24A577B}.Release|Any CPU.Build.0 = Release|Any CPU
		{F176A155-4034-426A-AA8A-D4CB2386D204}.Debug|Any CPU.ActiveCfg = Debug|Any CPU
		{F176A155-4034-426A-AA8A-D4CB2386D204}.Debug|Any CPU.Build.0 = Debug|Any CPU
		{F176A155-4034-426A-AA8A-D4CB2386D204}.Release|Any CPU.ActiveCfg = Release|Any CPU
		{F176A155-4034-426A-AA8A-D4CB2386D204}.Release|Any CPU.Build.0 = Release|Any CPU
		{B576F275-3B5A-469E-AE21-23C48001970B}.Debug|Any CPU.ActiveCfg = Debug|Any CPU
		{B576F275-3B5A-469E-AE21-23C48001970B}.Debug|Any CPU.Build.0 = Debug|Any CPU
		{B576F275-3B5A-469E-AE21-23C48001970B}.Release|Any CPU.ActiveCfg = Release|Any CPU
		{B576F275-3B5A-469E-AE21-23C48001970B}.Release|Any CPU.Build.0 = Release|Any CPU
		{6C944F88-EF38-48A8-93E2-83F914556AAE}.Debug|Any CPU.ActiveCfg = Debug|Any CPU
		{6C944F88-EF38-48A8-93E2-83F914556AAE}.Debug|Any CPU.Build.0 = Debug|Any CPU
		{6C944F88-EF38-48A8-93E2-83F914556AAE}.Release|Any CPU.ActiveCfg = Release|Any CPU
		{6C944F88-EF38-48A8-93E2-83F914556AAE}.Release|Any CPU.Build.0 = Release|Any CPU
		{4EA52CC5-DA86-45B1-A612-7D06BD9D93CB}.Debug|Any CPU.ActiveCfg = Debug|Any CPU
		{4EA52CC5-DA86-45B1-A612-7D06BD9D93CB}.Debug|Any CPU.Build.0 = Debug|Any CPU
		{4EA52CC5-DA86-45B1-A612-7D06BD9D93CB}.Release|Any CPU.ActiveCfg = Release|Any CPU
		{4EA52CC5-DA86-45B1-A612-7D06BD9D93CB}.Release|Any CPU.Build.0 = Release|Any CPU
		{3265E2AD-6252-41A5-9F3B-C7BBC5514B1D}.Debug|Any CPU.ActiveCfg = Debug|Any CPU
		{3265E2AD-6252-41A5-9F3B-C7BBC5514B1D}.Debug|Any CPU.Build.0 = Debug|Any CPU
		{3265E2AD-6252-41A5-9F3B-C7BBC5514B1D}.Release|Any CPU.ActiveCfg = Release|Any CPU
		{3265E2AD-6252-41A5-9F3B-C7BBC5514B1D}.Release|Any CPU.Build.0 = Release|Any CPU
		{D2E295AF-7715-410A-9502-FF45617C2378}.Debug|Any CPU.ActiveCfg = Debug|Any CPU
		{D2E295AF-7715-410A-9502-FF45617C2378}.Debug|Any CPU.Build.0 = Debug|Any CPU
		{D2E295AF-7715-410A-9502-FF45617C2378}.Release|Any CPU.ActiveCfg = Release|Any CPU
		{D2E295AF-7715-410A-9502-FF45617C2378}.Release|Any CPU.Build.0 = Release|Any CPU
		{D312024C-3B32-4469-8CB0-CCD5B1D87570}.Debug|Any CPU.ActiveCfg = Debug|Any CPU
		{D312024C-3B32-4469-8CB0-CCD5B1D87570}.Debug|Any CPU.Build.0 = Debug|Any CPU
		{D312024C-3B32-4469-8CB0-CCD5B1D87570}.Release|Any CPU.ActiveCfg = Release|Any CPU
		{D312024C-3B32-4469-8CB0-CCD5B1D87570}.Release|Any CPU.Build.0 = Release|Any CPU
		{A5AE9FCE-1522-4D21-B33E-5CB01E41869C}.Debug|Any CPU.ActiveCfg = Debug|Any CPU
		{A5AE9FCE-1522-4D21-B33E-5CB01E41869C}.Debug|Any CPU.Build.0 = Debug|Any CPU
		{A5AE9FCE-1522-4D21-B33E-5CB01E41869C}.Release|Any CPU.ActiveCfg = Release|Any CPU
		{A5AE9FCE-1522-4D21-B33E-5CB01E41869C}.Release|Any CPU.Build.0 = Release|Any CPU
		{A870327B-2913-45E6-BADA-A93DAC6CEEBA}.Debug|Any CPU.ActiveCfg = Debug|Any CPU
		{A870327B-2913-45E6-BADA-A93DAC6CEEBA}.Debug|Any CPU.Build.0 = Debug|Any CPU
		{A870327B-2913-45E6-BADA-A93DAC6CEEBA}.Release|Any CPU.ActiveCfg = Release|Any CPU
		{A870327B-2913-45E6-BADA-A93DAC6CEEBA}.Release|Any CPU.Build.0 = Release|Any CPU
		{246D5950-7B6B-4542-BF9D-01A37DE27D68}.Debug|Any CPU.ActiveCfg = Debug|Any CPU
		{246D5950-7B6B-4542-BF9D-01A37DE27D68}.Debug|Any CPU.Build.0 = Debug|Any CPU
		{246D5950-7B6B-4542-BF9D-01A37DE27D68}.Release|Any CPU.ActiveCfg = Release|Any CPU
		{246D5950-7B6B-4542-BF9D-01A37DE27D68}.Release|Any CPU.Build.0 = Release|Any CPU
		{C07C0208-6CCF-4592-97D2-8E222AD99B71}.Debug|Any CPU.ActiveCfg = Debug|Any CPU
		{C07C0208-6CCF-4592-97D2-8E222AD99B71}.Debug|Any CPU.Build.0 = Debug|Any CPU
		{C07C0208-6CCF-4592-97D2-8E222AD99B71}.Release|Any CPU.ActiveCfg = Release|Any CPU
		{C07C0208-6CCF-4592-97D2-8E222AD99B71}.Release|Any CPU.Build.0 = Release|Any CPU
		{FBA53B8D-6593-4D48-AF6D-81E00B0DD972}.Debug|Any CPU.ActiveCfg = Debug|Any CPU
		{FBA53B8D-6593-4D48-AF6D-81E00B0DD972}.Debug|Any CPU.Build.0 = Debug|Any CPU
		{FBA53B8D-6593-4D48-AF6D-81E00B0DD972}.Release|Any CPU.ActiveCfg = Release|Any CPU
		{FBA53B8D-6593-4D48-AF6D-81E00B0DD972}.Release|Any CPU.Build.0 = Release|Any CPU
	EndGlobalSection
	GlobalSection(SolutionProperties) = preSolution
		HideSolutionNode = FALSE
	EndGlobalSection
	GlobalSection(NestedProjects) = preSolution
		{92998DF0-6EEA-4A88-88E5-B27C907459E8} = {8349C496-64E3-41B5-AEA3-11DEA14C444A}
		{DB10DAF1-996A-45AC-B4CD-EBC19E270E1F} = {92998DF0-6EEA-4A88-88E5-B27C907459E8}
		{30181749-54F4-46D5-80DD-0E20B2BD97C2} = {8349C496-64E3-41B5-AEA3-11DEA14C444A}
		{8963EC89-CA1B-4E9E-A934-12B76D838D19} = {30181749-54F4-46D5-80DD-0E20B2BD97C2}
		{895BEBF4-8309-4A82-9F5E-143BF8712FC0} = {8349C496-64E3-41B5-AEA3-11DEA14C444A}
		{B89B3069-271E-42E1-91B1-EFFEE7FD30EB} = {895BEBF4-8309-4A82-9F5E-143BF8712FC0}
		{C3B29071-E45C-4BE8-8B55-DF613870D6C6} = {895BEBF4-8309-4A82-9F5E-143BF8712FC0}
		{BF7769C2-74B0-4DFE-8374-B977AAD420CC} = {895BEBF4-8309-4A82-9F5E-143BF8712FC0}
		{AE8614C7-4659-4CF8-9798-0FF235E47778} = {B89B3069-271E-42E1-91B1-EFFEE7FD30EB}
		{079A6DC9-F513-4FCA-A98D-307CC24A577B} = {B89B3069-271E-42E1-91B1-EFFEE7FD30EB}
		{F176A155-4034-426A-AA8A-D4CB2386D204} = {C3B29071-E45C-4BE8-8B55-DF613870D6C6}
		{B576F275-3B5A-469E-AE21-23C48001970B} = {BF7769C2-74B0-4DFE-8374-B977AAD420CC}
		{6C944F88-EF38-48A8-93E2-83F914556AAE} = {DE578FDF-B1B6-49AB-BF36-723463DA6F6E}
		{A716DEF5-4155-4FC2-AF50-F8D4EA1E86C4} = {8349C496-64E3-41B5-AEA3-11DEA14C444A}
		{4EA52CC5-DA86-45B1-A612-7D06BD9D93CB} = {A716DEF5-4155-4FC2-AF50-F8D4EA1E86C4}
		{3265E2AD-6252-41A5-9F3B-C7BBC5514B1D} = {A716DEF5-4155-4FC2-AF50-F8D4EA1E86C4}
		{D2E295AF-7715-410A-9502-FF45617C2378} = {A716DEF5-4155-4FC2-AF50-F8D4EA1E86C4}
		{D312024C-3B32-4469-8CB0-CCD5B1D87570} = {A716DEF5-4155-4FC2-AF50-F8D4EA1E86C4}
		{A5AE9FCE-1522-4D21-B33E-5CB01E41869C} = {A716DEF5-4155-4FC2-AF50-F8D4EA1E86C4}
		{08CC6192-63EF-4830-B66D-6CEDAB1478EB} = {8349C496-64E3-41B5-AEA3-11DEA14C444A}
		{A870327B-2913-45E6-BADA-A93DAC6CEEBA} = {08CC6192-63EF-4830-B66D-6CEDAB1478EB}
		{246D5950-7B6B-4542-BF9D-01A37DE27D68} = {3F4CB4AC-256F-42C2-AD9E-2A275842513B}
		{C07C0208-6CCF-4592-97D2-8E222AD99B71} = {3F4CB4AC-256F-42C2-AD9E-2A275842513B}
		{91C8D22E-4063-48FC-BDC9-88B9C49F0848} = {8349C496-64E3-41B5-AEA3-11DEA14C444A}
		{FBA53B8D-6593-4D48-AF6D-81E00B0DD972} = {91C8D22E-4063-48FC-BDC9-88B9C49F0848}
	EndGlobalSection
	GlobalSection(ExtensibilityGlobals) = postSolution
		SolutionGuid = {A7454A06-14AB-407E-A57B-E27CA78CC935}
	EndGlobalSection
EndGlobal
