
Microsoft Visual Studio Solution File, Format Version 12.00
# Visual Studio Version 17
VisualStudioVersion = 17.8.34525.116
MinimumVisualStudioVersion = 10.0.40219.1
Project("{2150E333-8FDC-42A3-9474-1A3956D46DE8}") = "Services", "Services", "{8349C496-64E3-41B5-AEA3-11DEA14C444A}"
EndProject
Project("{2150E333-8FDC-42A3-9474-1A3956D46DE8}") = "Catalog", "Catalog", "{92998DF0-6EEA-4A88-88E5-B27C907459E8}"
EndProject
Project("{9A19103F-16F7-4668-BE54-9A1E7A4F7556}") = "MultiShop.Catalog", "Services\Catalog\MultiShop.Catalog\MultiShop.Catalog.csproj", "{DB10DAF1-996A-45AC-B4CD-EBC19E270E1F}"
EndProject
Project("{2150E333-8FDC-42A3-9474-1A3956D46DE8}") = "Discount", "Discount", "{30181749-54F4-46D5-80DD-0E20B2BD97C2}"
EndProject
Project("{9A19103F-16F7-4668-BE54-9A1E7A4F7556}") = "MultiShop.Discount", "Services\Discount\MultiShop.Discount\MultiShop.Discount.csproj", "{8963EC89-CA1B-4E9E-A934-12B76D838D19}"
EndProject
Project("{2150E333-8FDC-42A3-9474-1A3956D46DE8}") = "Order", "Order", "{895BEBF4-8309-4A82-9F5E-143BF8712FC0}"
EndProject
Project("{2150E333-8FDC-42A3-9474-1A3956D46DE8}") = "Core", "Core", "{B89B3069-271E-42E1-91B1-EFFEE7FD30EB}"
EndProject
Project("{2150E333-8FDC-42A3-9474-1A3956D46DE8}") = "Infrastructure", "Infrastructure", "{C3B29071-E45C-4BE8-8B55-DF613870D6C6}"
EndProject
Project("{2150E333-8FDC-42A3-9474-1A3956D46DE8}") = "Presentation", "Presentation", "{BF7769C2-74B0-4DFE-8374-B977AAD420CC}"
EndProject
Project("{FAE04EC0-301F-11D3-BF4B-00C04F79EFBC}") = "MultiShop.Order.Domain", "Services\Order\Core\MultiShop.Order.Domain\MultiShop.Order.Domain.csproj", "{AE8614C7-4659-4CF8-9798-0FF235E47778}"
EndProject
Project("{FAE04EC0-301F-11D3-BF4B-00C04F79EFBC}") = "MultiShop.Order.Application", "Services\Order\Core\MultiShop.Order.Application\MultiShop.Order.Application.csproj", "{079A6DC9-F513-4FCA-A98D-307CC24A577B}"
EndProject
Project("{FAE04EC0-301F-11D3-BF4B-00C04F79EFBC}") = "MultiShop.Order.Persistence", "Services\Order\Infrastructure\MultiShop.Order.Persistence\MultiShop.Order.Persistence.csproj", "{F176A155-4034-426A-AA8A-D4CB2386D204}"
EndProject
Project("{FAE04EC0-301F-11D3-BF4B-00C04F79EFBC}") = "MultiShop.Order.WebApi", "Services\Order\Presentation\MultiShop.Order.WebApi\MultiShop.Order.WebApi.csproj", "{B576F275-3B5A-469E-AE21-23C48001970B}"
EndProject
Global
	GlobalSection(SolutionConfigurationPlatforms) = preSolution
		Debug|Any CPU = Debug|Any CPU
		Release|Any CPU = Release|Any CPU
	EndGlobalSection
	GlobalSection(ProjectConfigurationPlatforms) = postSolution
		{DB10DAF1-996A-45AC-B4CD-EBC19E270E1F}.Debug|Any CPU.ActiveCfg = Debug|Any CPU
		{DB10DAF1-996A-45AC-B4CD-EBC19E270E1F}.Debug|Any CPU.Build.0 = Debug|Any CPU
		{DB10DAF1-996A-45AC-B4CD-EBC19E270E1F}.Release|Any CPU.ActiveCfg = Release|Any CPU
		{DB10DAF1-996A-45AC-B4CD-EBC19E270E1F}.Release|Any CPU.Build.0 = Release|Any CPU
		{8963EC89-CA1B-4E9E-A934-12B76D838D19}.Debug|Any CPU.ActiveCfg = Debug|Any CPU
		{8963EC89-CA1B-4E9E-A934-12B76D838D19}.Debug|Any CPU.Build.0 = Debug|Any CPU
		{8963EC89-CA1B-4E9E-A934-12B76D838D19}.Release|Any CPU.ActiveCfg = Release|Any CPU
		{8963EC89-CA1B-4E9E-A934-12B76D838D19}.Release|Any CPU.Build.0 = Release|Any CPU
		{AE8614C7-4659-4CF8-9798-0FF235E47778}.Debug|Any CPU.ActiveCfg = Debug|Any CPU
		{AE8614C7-4659-4CF8-9798-0FF235E47778}.Debug|Any CPU.Build.0 = Debug|Any CPU
		{AE8614C7-4659-4CF8-9798-0FF235E47778}.Release|Any CPU.ActiveCfg = Release|Any CPU
		{AE8614C7-4659-4CF8-9798-0FF235E47778}.Release|Any CPU.Build.0 = Release|Any CPU
		{079A6DC9-F513-4FCA-A98D-307CC24A577B}.Debug|Any CPU.ActiveCfg = Debug|Any CPU
		{079A6DC9-F513-4FCA-A98D-307CC24A577B}.Debug|Any CPU.Build.0 = Debug|Any CPU
		{079A6DC9-F513-4FCA-A98D-307CC24A577B}.Release|Any CPU.ActiveCfg = Release|Any CPU
		{079A6DC9-F513-4FCA-A98D-307CC24A577B}.Release|Any CPU.Build.0 = Release|Any CPU
		{F176A155-4034-426A-AA8A-D4CB2386D204}.Debug|Any CPU.ActiveCfg = Debug|Any CPU
		{F176A155-4034-426A-AA8A-D4CB2386D204}.Debug|Any CPU.Build.0 = Debug|Any CPU
		{F176A155-4034-426A-AA8A-D4CB2386D204}.Release|Any CPU.ActiveCfg = Release|Any CPU
		{F176A155-4034-426A-AA8A-D4CB2386D204}.Release|Any CPU.Build.0 = Release|Any CPU
		{B576F275-3B5A-469E-AE21-23C48001970B}.Debug|Any CPU.ActiveCfg = Debug|Any CPU
		{B576F275-3B5A-469E-AE21-23C48001970B}.Debug|Any CPU.Build.0 = Debug|Any CPU
		{B576F275-3B5A-469E-AE21-23C48001970B}.Release|Any CPU.ActiveCfg = Release|Any CPU
		{B576F275-3B5A-469E-AE21-23C48001970B}.Release|Any CPU.Build.0 = Release|Any CPU
	EndGlobalSection
	GlobalSection(SolutionProperties) = preSolution
		HideSolutionNode = FALSE
	EndGlobalSection
	GlobalSection(NestedProjects) = preSolution
		{92998DF0-6EEA-4A88-88E5-B27C907459E8} = {8349C496-64E3-41B5-AEA3-11DEA14C444A}
		{DB10DAF1-996A-45AC-B4CD-EBC19E270E1F} = {92998DF0-6EEA-4A88-88E5-B27C907459E8}
		{30181749-54F4-46D5-80DD-0E20B2BD97C2} = {8349C496-64E3-41B5-AEA3-11DEA14C444A}
		{8963EC89-CA1B-4E9E-A934-12B76D838D19} = {30181749-54F4-46D5-80DD-0E20B2BD97C2}
		{895BEBF4-8309-4A82-9F5E-143BF8712FC0} = {8349C496-64E3-41B5-AEA3-11DEA14C444A}
		{B89B3069-271E-42E1-91B1-EFFEE7FD30EB} = {895BEBF4-8309-4A82-9F5E-143BF8712FC0}
		{C3B29071-E45C-4BE8-8B55-DF613870D6C6} = {895BEBF4-8309-4A82-9F5E-143BF8712FC0}
		{BF7769C2-74B0-4DFE-8374-B977AAD420CC} = {895BEBF4-8309-4A82-9F5E-143BF8712FC0}
		{AE8614C7-4659-4CF8-9798-0FF235E47778} = {B89B3069-271E-42E1-91B1-EFFEE7FD30EB}
		{079A6DC9-F513-4FCA-A98D-307CC24A577B} = {B89B3069-271E-42E1-91B1-EFFEE7FD30EB}
		{F176A155-4034-426A-AA8A-D4CB2386D204} = {C3B29071-E45C-4BE8-8B55-DF613870D6C6}
		{B576F275-3B5A-469E-AE21-23C48001970B} = {BF7769C2-74B0-4DFE-8374-B977AAD420CC}
	EndGlobalSection
	GlobalSection(ExtensibilityGlobals) = postSolution
		SolutionGuid = {A7454A06-14AB-407E-A57B-E27CA78CC935}
	EndGlobalSection
EndGlobal
